
Microsoft Visual Studio Solution File, Format Version 12.00
# Visual Studio 2012
Project("{FAE04EC0-301F-11D3-BF4B-00C04F79EFBC}") = "DotLog", "dotlog\DotLog.csproj", "{7CC6075E-CB3C-4577-A6D4-9C6AA96A3162}"
EndProject
Project("{FAE04EC0-301F-11D3-BF4B-00C04F79EFBC}") = "Common.Logging.DotLog", "Common.Logging.DotLog\Common.Logging.DotLog.csproj", "{4B55E414-20E1-4EDE-8454-A1B3A4AE6E2A}"
EndProject
Project("{FAE04EC0-301F-11D3-BF4B-00C04F79EFBC}") = "DotLog.Tests", "dotlog.Tests\DotLog.Tests.csproj", "{EBD72152-E503-48C5-A857-E312713F4C26}"
EndProject
Project("{2150E333-8FDC-42A3-9474-1A3956D46DE8}") = "Solution Items", "Solution Items", "{05DD95E3-8485-427B-96E9-6FCABFA704D9}"
	ProjectSection(SolutionItems) = preProject
		README.md = README.md
	EndProjectSection
EndProject
Project("{FAE04EC0-301F-11D3-BF4B-00C04F79EFBC}") = "DotLog.Example", "DotLog.Example\DotLog.Example.csproj", "{8DCDE284-4648-4AEC-9CC0-CBD37855B4C3}"
EndProject
Project("{FAE04EC0-301F-11D3-BF4B-00C04F79EFBC}") = "Common.Logging.DotLog.Example", "Common.Logging.DotLog.Example\Common.Logging.DotLog.Example.csproj", "{BF7371B8-B9EC-474E-B7B7-9C9B6108B849}"
EndProject
Project("{2150E333-8FDC-42A3-9474-1A3956D46DE8}") = ".nuget", ".nuget", "{D2E6C090-EC21-43A9-B088-E02AFF33B42F}"
	ProjectSection(SolutionItems) = preProject
		.nuget\packages.config = .nuget\packages.config
	EndProjectSection
EndProject
Project("{2150E333-8FDC-42A3-9474-1A3956D46DE8}") = ".deployment", ".deployment", "{9A4AB748-4D53-4DAE-9B4D-D132675D0634}"
EndProject
Project("{2150E333-8FDC-42A3-9474-1A3956D46DE8}") = "DotLog", "DotLog", "{3517BB62-0C12-4A35-8B30-8553785A53F3}"
	ProjectSection(SolutionItems) = preProject
		.deployment\DotLog\DotLog.nuspec = .deployment\DotLog\DotLog.nuspec
		.deployment\DotLog\package.cmd = .deployment\DotLog\package.cmd
	EndProjectSection
EndProject
Project("{2150E333-8FDC-42A3-9474-1A3956D46DE8}") = "Commons.Logging.DotLog", "Commons.Logging.DotLog", "{BEFE14A4-093E-4E08-8749-F77BA038D73D}"
	ProjectSection(SolutionItems) = preProject
		.deployment\Common.Logging.DotLog\Common.Logging.DotLog.nuspec = .deployment\Common.Logging.DotLog\Common.Logging.DotLog.nuspec
		.deployment\Common.Logging.DotLog\package.cmd = .deployment\Common.Logging.DotLog\package.cmd
	EndProjectSection
EndProject
Global
	GlobalSection(SolutionConfigurationPlatforms) = preSolution
		Debug|Any CPU = Debug|Any CPU
		Release|Any CPU = Release|Any CPU
	EndGlobalSection
	GlobalSection(ProjectConfigurationPlatforms) = postSolution
		{7CC6075E-CB3C-4577-A6D4-9C6AA96A3162}.Debug|Any CPU.ActiveCfg = Debug|Any CPU
		{7CC6075E-CB3C-4577-A6D4-9C6AA96A3162}.Debug|Any CPU.Build.0 = Debug|Any CPU
		{7CC6075E-CB3C-4577-A6D4-9C6AA96A3162}.Release|Any CPU.ActiveCfg = Release|Any CPU
		{7CC6075E-CB3C-4577-A6D4-9C6AA96A3162}.Release|Any CPU.Build.0 = Release|Any CPU
		{4B55E414-20E1-4EDE-8454-A1B3A4AE6E2A}.Debug|Any CPU.ActiveCfg = Debug|Any CPU
		{4B55E414-20E1-4EDE-8454-A1B3A4AE6E2A}.Debug|Any CPU.Build.0 = Debug|Any CPU
		{4B55E414-20E1-4EDE-8454-A1B3A4AE6E2A}.Release|Any CPU.ActiveCfg = Release|Any CPU
		{4B55E414-20E1-4EDE-8454-A1B3A4AE6E2A}.Release|Any CPU.Build.0 = Release|Any CPU
		{EBD72152-E503-48C5-A857-E312713F4C26}.Debug|Any CPU.ActiveCfg = Debug|Any CPU
		{EBD72152-E503-48C5-A857-E312713F4C26}.Debug|Any CPU.Build.0 = Debug|Any CPU
		{EBD72152-E503-48C5-A857-E312713F4C26}.Release|Any CPU.ActiveCfg = Release|Any CPU
		{EBD72152-E503-48C5-A857-E312713F4C26}.Release|Any CPU.Build.0 = Release|Any CPU
		{8DCDE284-4648-4AEC-9CC0-CBD37855B4C3}.Debug|Any CPU.ActiveCfg = Debug|Any CPU
		{8DCDE284-4648-4AEC-9CC0-CBD37855B4C3}.Debug|Any CPU.Build.0 = Debug|Any CPU
		{8DCDE284-4648-4AEC-9CC0-CBD37855B4C3}.Release|Any CPU.ActiveCfg = Release|Any CPU
		{8DCDE284-4648-4AEC-9CC0-CBD37855B4C3}.Release|Any CPU.Build.0 = Release|Any CPU
		{BF7371B8-B9EC-474E-B7B7-9C9B6108B849}.Debug|Any CPU.ActiveCfg = Debug|Any CPU
		{BF7371B8-B9EC-474E-B7B7-9C9B6108B849}.Debug|Any CPU.Build.0 = Debug|Any CPU
		{BF7371B8-B9EC-474E-B7B7-9C9B6108B849}.Release|Any CPU.ActiveCfg = Release|Any CPU
		{BF7371B8-B9EC-474E-B7B7-9C9B6108B849}.Release|Any CPU.Build.0 = Release|Any CPU
	EndGlobalSection
	GlobalSection(SolutionProperties) = preSolution
		HideSolutionNode = FALSE
	EndGlobalSection
	GlobalSection(NestedProjects) = preSolution
		{3517BB62-0C12-4A35-8B30-8553785A53F3} = {9A4AB748-4D53-4DAE-9B4D-D132675D0634}
		{BEFE14A4-093E-4E08-8749-F77BA038D73D} = {9A4AB748-4D53-4DAE-9B4D-D132675D0634}
	EndGlobalSection
EndGlobal
